// !$*UTF8*$!
{
	archiveVersion = 1;
	classes = {
	};
	objectVersion = 77;
	objects = {

/* Begin PBXBuildFile section */
/* End PBXBuildFile section */

/* Begin PBXContainerItemProxy section */
		4A259E872FEBB71400429068 /* PBXContainerItemProxy */ = {
			isa = PBXContainerItemProxy;
			containerPortal = 4A259E712FEBB71200429068 /* Project object */;
			proxyType = 1;
			remoteGlobalIDString = 4A259E782FEBB71200429068;
			remoteInfo = EyeControlMac;
		};
		4A259E912FEBB71400429068 /* PBXContainerItemProxy */ = {
			isa = PBXContainerItemProxy;
			containerPortal = 4A259E712FEBB71200429068 /* Project object */;
			proxyType = 1;
			remoteGlobalIDString = 4A259E782FEBB71200429068;
			remoteInfo = EyeControlMac;
		};
/* End PBXContainerItemProxy section */

/* Begin PBXFileReference section */
		4A259E792FEBB71200429068 /* EyeControlMac.app */ = {isa = PBXFileReference; explicitFileType = wrapper.application; includeInIndex = 0; path = EyeControlMac.app; sourceTree = BUILT_PRODUCTS_DIR; };
		4A259E862FEBB71400429068 /* EyeControlMacTests.xctest */ = {isa = PBXFileReference; explicitFileType = wrapper.cfbundle; includeInIndex = 0; path = EyeControlMacTests.xctest; sourceTree = BUILT_PRODUCTS_DIR; };
		4A259E902FEBB71400429068 /* EyeControlMacUITests.xctest */ = {isa = PBXFileReference; explicitFileType = wrapper.cfbundle; includeInIndex = 0; path = EyeControlMacUITests.xctest; sourceTree = BUILT_PRODUCTS_DIR; };
		4A259EA32FEBB76000429068 /* AGENTS.md */ = {isa = PBXFileReference; lastKnownFileType = text; path = AGENTS.md; sourceTree = "<group>"; };
/* End PBXFileReference section */

/* Begin PBXFileSystemSynchronizedBuildFileExceptionSet section */
		4ABD84932FEBB8D2008E6FE7 /* Exceptions for "EyeControlMac" folder in "EyeControlMac" target */ = {
			isa = PBXFileSystemSynchronizedBuildFileExceptionSet;
			membershipExceptions = (
				AppState.swift,
				Assets.xcassets,
				ContentView.swift,
				DesktopControl/ActionExecutor.swift,
				DesktopControl/PageNavigationController.swift,
				DesktopControl/ScrollController.swift,
				DesktopControl/WindowController.swift,
				EyeControlMacApp.swift,
				Mock/MockBlinkController.swift,
				Mock/MockGazeController.swift,
				Models/ControlMode.swift,
				Models/EyeCommand.swift,
				Permissions/AccessibilityPermissionManager.swift,
				Permissions/CameraPermissionManager.swift,
				UI/CommandOverlayView.swift,
				UI/DebugPanelView.swift,
				UI/FloatingResumeView.swift,
				Utilities/CooldownManager.swift,
			);
			target = 4A259E782FEBB71200429068 /* EyeControlMac */;
		};
/* End PBXFileSystemSynchronizedBuildFileExceptionSet section */

/* Begin PBXFileSystemSynchronizedRootGroup section */
		4A259E892FEBB71400429068 /* EyeControlMacTests */ = {
			isa = PBXFileSystemSynchronizedRootGroup;
			path = EyeControlMacTests;
			sourceTree = "<group>";
		};
		4A259E932FEBB71400429068 /* EyeControlMacUITests */ = {
			isa = PBXFileSystemSynchronizedRootGroup;
			path = EyeControlMacUITests;
			sourceTree = "<group>";
		};
		4ABD848F2FEBB8D1008E6FE7 /* EyeControlMac */ = {
			isa = PBXFileSystemSynchronizedRootGroup;
			exceptions = (
				4ABD84932FEBB8D2008E6FE7 /* Exceptions for "EyeControlMac" folder in "EyeControlMac" target */,
			);
			path = EyeControlMac;
			sourceTree = "<group>";
		};
/* End PBXFileSystemSynchronizedRootGroup section */

/* Begin PBXFrameworksBuildPhase section */
		4A259E762FEBB71200429068 /* Frameworks */ = {
			isa = PBXFrameworksBuildPhase;
			buildActionMask = 2147483647;
			files = (
			);
			runOnlyForDeploymentPostprocessing = 0;
		};
		4A259E832FEBB71400429068 /* Frameworks */ = {
			isa = PBXFrameworksBuildPhase;
			buildActionMask = 2147483647;
			files = (
			);
			runOnlyForDeploymentPostprocessing = 0;
		};
		4A259E8D2FEBB71400429068 /* Frameworks */ = {
			isa = PBXFrameworksBuildPhase;
			buildActionMask = 2147483647;
			files = (
			);
			runOnlyForDeploymentPostprocessing = 0;
		};
/* End PBXFrameworksBuildPhase section */

/* Begin PBXGroup section */
		4A259E702FEBB71200429068 = {
			isa = PBXGroup;
			children = (
				4A259EA32FEBB76000429068 /* AGENTS.md */,
				4A259E892FEBB71400429068 /* EyeControlMacTests */,
				4A259E932FEBB71400429068 /* EyeControlMacUITests */,
				4A259E7A2FEBB71200429068 /* Products */,
				4ABD848F2FEBB8D1008E6FE7 /* EyeControlMac */,
			);
			sourceTree = "<group>";
		};
		4A259E7A2FEBB71200429068 /* Products */ = {
			isa = PBXGroup;
			children = (
				4A259E792FEBB71200429068 /* EyeControlMac.app */,
				4A259E862FEBB71400429068 /* EyeControlMacTests.xctest */,
				4A259E902FEBB71400429068 /* EyeControlMacUITests.xctest */,
			);
			name = Products;
			sourceTree = "<group>";
		};
/* End PBXGroup section */

/* Begin PBXNativeTarget section */
		4A259E782FEBB71200429068 /* EyeControlMac */ = {
			isa = PBXNativeTarget;
			buildConfigurationList = 4A259E9A2FEBB71400429068 /* Build configuration list for PBXNativeTarget "EyeControlMac" */;
			buildPhases = (
				4A259E752FEBB71200429068 /* Sources */,
				4A259E762FEBB71200429068 /* Frameworks */,
				4A259E772FEBB71200429068 /* Resources */,
			);
			buildRules = (
			);
			dependencies = (
			);
			name = EyeControlMac;
			packageProductDependencies = (
			);
			productName = EyeControlMac;
			productReference = 4A259E792FEBB71200429068 /* EyeControlMac.app */;
			productType = "com.apple.product-type.application";
		};
		4A259E852FEBB71400429068 /* EyeControlMacTests */ = {
			isa = PBXNativeTarget;
			buildConfigurationList = 4A259E9D2FEBB71400429068 /* Build configuration list for PBXNativeTarget "EyeControlMacTests" */;
			buildPhases = (
				4A259E822FEBB71400429068 /* Sources */,
				4A259E832FEBB71400429068 /* Frameworks */,
				4A259E842FEBB71400429068 /* Resources */,
			);
			buildRules = (
			);
			dependencies = (
				4A259E882FEBB71400429068 /* PBXTargetDependency */,
			);
			fileSystemSynchronizedGroups = (
				4A259E892FEBB71400429068 /* EyeControlMacTests */,
			);
			name = EyeControlMacTests;
			packageProductDependencies = (
			);
			productName = EyeControlMacTests;
			productReference = 4A259E862FEBB71400429068 /* EyeControlMacTests.xctest */;
			productType = "com.apple.product-type.bundle.unit-test";
		};
		4A259E8F2FEBB71400429068 /* EyeControlMacUITests */ = {
			isa = PBXNativeTarget;
			buildConfigurationList = 4A259EA02FEBB71400429068 /* Build configuration list for PBXNativeTarget "EyeControlMacUITests" */;
			buildPhases = (
				4A259E8C2FEBB71400429068 /* Sources */,
				4A259E8D2FEBB71400429068 /* Frameworks */,
				4A259E8E2FEBB71400429068 /* Resources */,
			);
			buildRules = (
			);
			dependencies = (
				4A259E922FEBB71400429068 /* PBXTargetDependency */,
			);
			fileSystemSynchronizedGroups = (
				4A259E932FEBB71400429068 /* EyeControlMacUITests */,
			);
			name = EyeControlMacUITests;
			packageProductDependencies = (
			);
			productName = EyeControlMacUITests;
			productReference = 4A259E902FEBB71400429068 /* EyeControlMacUITests.xctest */;
			productType = "com.apple.product-type.bundle.ui-testing";
		};
/* End PBXNativeTarget section */

/* Begin PBXProject section */
		4A259E712FEBB71200429068 /* Project object */ = {
			isa = PBXProject;
			attributes = {
				BuildIndependentTargetsInParallel = 1;
				LastSwiftUpdateCheck = 2650;
				LastUpgradeCheck = 2650;
				TargetAttributes = {
					4A259E782FEBB71200429068 = {
						CreatedOnToolsVersion = 26.5;
					};
					4A259E852FEBB71400429068 = {
						CreatedOnToolsVersion = 26.5;
						TestTargetID = 4A259E782FEBB71200429068;
					};
					4A259E8F2FEBB71400429068 = {
						CreatedOnToolsVersion = 26.5;
						TestTargetID = 4A259E782FEBB71200429068;
					};
				};
			};
			buildConfigurationList = 4A259E742FEBB71200429068 /* Build configuration list for PBXProject "EyeControlMac" */;
			developmentRegion = en;
			hasScannedForEncodings = 0;
			knownRegions = (
				en,
				Base,
			);
			mainGroup = 4A259E702FEBB71200429068;
			minimizedProjectReferenceProxies = 1;
			preferredProjectObjectVersion = 77;
			productRefGroup = 4A259E7A2FEBB71200429068 /* Products */;
			projectDirPath = "";
			projectRoot = "";
			targets = (
				4A259E782FEBB71200429068 /* EyeControlMac */,
				4A259E852FEBB71400429068 /* EyeControlMacTests */,
				4A259E8F2FEBB71400429068 /* EyeControlMacUITests */,
			);
		};
/* End PBXProject section */

/* Begin PBXResourcesBuildPhase section */
		4A259E772FEBB71200429068 /* Resources */ = {
			isa = PBXResourcesBuildPhase;
			buildActionMask = 2147483647;
			files = (
			);
			runOnlyForDeploymentPostprocessing = 0;
		};
		4A259E842FEBB71400429068 /* Resources */ = {
			isa = PBXResourcesBuildPhase;
			buildActionMask = 2147483647;
			files = (
			);
			runOnlyForDeploymentPostprocessing = 0;
		};
		4A259E8E2FEBB71400429068 /* Resources */ = {
			isa = PBXResourcesBuildPhase;
			buildActionMask = 2147483647;
			files = (
			);
			runOnlyForDeploymentPostprocessing = 0;
		};
/* End PBXResourcesBuildPhase section */

/* Begin PBXSourcesBuildPhase section */
		4A259E752FEBB71200429068 /* Sources */ = {
			isa = PBXSourcesBuildPhase;
			buildActionMask = 2147483647;
			files = (
			);
			runOnlyForDeploymentPostprocessing = 0;
		};
		4A259E822FEBB71400429068 /* Sources */ = {
			isa = PBXSourcesBuildPhase;
			buildActionMask = 2147483647;
			files = (
			);
			runOnlyForDeploymentPostprocessing = 0;
		};
		4A259E8C2FEBB71400429068 /* Sources */ = {
			isa = PBXSourcesBuildPhase;
			buildActionMask = 2147483647;
			files = (
			);
			runOnlyForDeploymentPostprocessing = 0;
		};
/* End PBXSourcesBuildPhase section */

/* Begin PBXTargetDependency section */
		4A259E882FEBB71400429068 /* PBXTargetDependency */ = {
			isa = PBXTargetDependency;
			target = 4A259E782FEBB71200429068 /* EyeControlMac */;
			targetProxy = 4A259E872FEBB71400429068 /* PBXContainerItemProxy */;
		};
		4A259E922FEBB71400429068 /* PBXTargetDependency */ = {
			isa = PBXTargetDependency;
			target = 4A259E782FEBB71200429068 /* EyeControlMac */;
			targetProxy = 4A259E912FEBB71400429068 /* PBXContainerItemProxy */;
		};
/* End PBXTargetDependency section */

/* Begin XCBuildConfiguration section */
		4A259E982FEBB71400429068 /* Debug */ = {
			isa = XCBuildConfiguration;
			buildSettings = {
				ALWAYS_SEARCH_USER_PATHS = NO;
				ASSETCATALOG_COMPILER_GENERATE_SWIFT_ASSET_SYMBOL_EXTENSIONS = YES;
				CLANG_ANALYZER_NONNULL = YES;
				CLANG_ANALYZER_NUMBER_OBJECT_CONVERSION = YES_AGGRESSIVE;
				CLANG_CXX_LANGUAGE_STANDARD = "gnu++20";
				CLANG_ENABLE_MODULES = YES;
				CLANG_ENABLE_OBJC_ARC = YES;
				CLANG_ENABLE_OBJC_WEAK = YES;
				CLANG_WARN_BLOCK_CAPTURE_AUTORELEASING = YES;
				CLANG_WARN_BOOL_CONVERSION = YES;
				CLANG_WARN_COMMA = YES;
				CLANG_WARN_CONSTANT_CONVERSION = YES;
				CLANG_WARN_DEPRECATED_OBJC_IMPLEMENTATIONS = YES;
				CLANG_WARN_DIRECT_OBJC_ISA_USAGE = YES_ERROR;
				CLANG_WARN_DOCUMENTATION_COMMENTS = YES;
				CLANG_WARN_EMPTY_BODY = YES;
				CLANG_WARN_ENUM_CONVERSION = YES;
				CLANG_WARN_INFINITE_RECURSION = YES;
				CLANG_WARN_INT_CONVERSION = YES;
				CLANG_WARN_NON_LITERAL_NULL_CONVERSION = YES;
				CLANG_WARN_OBJC_IMPLICIT_RETAIN_SELF = YES;
				CLANG_WARN_OBJC_LITERAL_CONVERSION = YES;
				CLANG_WARN_OBJC_ROOT_CLASS = YES_ERROR;
				CLANG_WARN_QUOTED_INCLUDE_IN_FRAMEWORK_HEADER = YES;
				CLANG_WARN_RANGE_LOOP_ANALYSIS = YES;
				CLANG_WARN_STRICT_PROTOTYPES = YES;
				CLANG_WARN_SUSPICIOUS_MOVE = YES;
				CLANG_WARN_UNGUARDED_AVAILABILITY = YES_AGGRESSIVE;
				CLANG_WARN_UNREACHABLE_CODE = YES;
				CLANG_WARN__DUPLICATE_METHOD_MATCH = YES;
				COPY_PHASE_STRIP = NO;
				DEBUG_INFORMATION_FORMAT = dwarf;
				ENABLE_STRICT_OBJC_MSGSEND = YES;
				ENABLE_TESTABILITY = YES;
				ENABLE_USER_SCRIPT_SANDBOXING = YES;
				GCC_C_LANGUAGE_STANDARD = gnu17;
				GCC_DYNAMIC_NO_PIC = NO;
				GCC_NO_COMMON_BLOCKS = YES;
				GCC_OPTIMIZATION_LEVEL = 0;
				GCC_PREPROCESSOR_DEFINITIONS = (
					"DEBUG=1",
					"$(inherited)",
				);
				GCC_WARN_64_TO_32_BIT_CONVERSION = YES;
				GCC_WARN_ABOUT_RETURN_TYPE = YES_ERROR;
				GCC_WARN_UNDECLARED_SELECTOR = YES;
				GCC_WARN_UNINITIALIZED_AUTOS = YES_AGGRESSIVE;
				GCC_WARN_UNUSED_FUNCTION = YES;
				GCC_WARN_UNUSED_VARIABLE = YES;
				LOCALIZATION_PREFERS_STRING_CATALOGS = YES;
				MACOSX_DEPLOYMENT_TARGET = 26.5;
				MTL_ENABLE_DEBUG_INFO = INCLUDE_SOURCE;
				MTL_FAST_MATH = YES;
				ONLY_ACTIVE_ARCH = YES;
				SDKROOT = macosx;
				SWIFT_ACTIVE_COMPILATION_CONDITIONS = "DEBUG $(inherited)";
				SWIFT_OPTIMIZATION_LEVEL = "-Onone";
			};
			name = Debug;
		};
		4A259E992FEBB71400429068 /* Release */ = {
			isa = XCBuildConfiguration;
			buildSettings = {
				ALWAYS_SEARCH_USER_PATHS = NO;
				ASSETCATALOG_COMPILER_GENERATE_SWIFT_ASSET_SYMBOL_EXTENSIONS = YES;
				CLANG_ANALYZER_NONNULL = YES;
				CLANG_ANALYZER_NUMBER_OBJECT_CONVERSION = YES_AGGRESSIVE;
				CLANG_CXX_LANGUAGE_STANDARD = "gnu++20";
				CLANG_ENABLE_MODULES = YES;
				CLANG_ENABLE_OBJC_ARC = YES;
				CLANG_ENABLE_OBJC_WEAK = YES;
				CLANG_WARN_BLOCK_CAPTURE_AUTORELEASING = YES;
				CLANG_WARN_BOOL_CONVERSION = YES;
				CLANG_WARN_COMMA = YES;
				CLANG_WARN_CONSTANT_CONVERSION = YES;
				CLANG_WARN_DEPRECATED_OBJC_IMPLEMENTATIONS = YES;
				CLANG_WARN_DIRECT_OBJC_ISA_USAGE = YES_ERROR;
				CLANG_WARN_DOCUMENTATION_COMMENTS = YES;
				CLANG_WARN_EMPTY_BODY = YES;
				CLANG_WARN_ENUM_CONVERSION = YES;
				CLANG_WARN_INFINITE_RECURSION = YES;
				CLANG_WARN_INT_CONVERSION = YES;
				CLANG_WARN_NON_LITERAL_NULL_CONVERSION = YES;
				CLANG_WARN_OBJC_IMPLICIT_RETAIN_SELF = YES;
				CLANG_WARN_OBJC_LITERAL_CONVERSION = YES;
				CLANG_WARN_OBJC_ROOT_CLASS = YES_ERROR;
				CLANG_WARN_QUOTED_INCLUDE_IN_FRAMEWORK_HEADER = YES;
				CLANG_WARN_RANGE_LOOP_ANALYSIS = YES;
				CLANG_WARN_STRICT_PROTOTYPES = YES;
				CLANG_WARN_SUSPICIOUS_MOVE = YES;
				CLANG_WARN_UNGUARDED_AVAILABILITY = YES_AGGRESSIVE;
				CLANG_WARN_UNREACHABLE_CODE = YES;
				CLANG_WARN__DUPLICATE_METHOD_MATCH = YES;
				COPY_PHASE_STRIP = NO;
				DEBUG_INFORMATION_FORMAT = "dwarf-with-dsym";
				ENABLE_NS_ASSERTIONS = NO;
				ENABLE_STRICT_OBJC_MSGSEND = YES;
				ENABLE_USER_SCRIPT_SANDBOXING = YES;
				GCC_C_LANGUAGE_STANDARD = gnu17;
				GCC_NO_COMMON_BLOCKS = YES;
				GCC_WARN_64_TO_32_BIT_CONVERSION = YES;
				GCC_WARN_ABOUT_RETURN_TYPE = YES_ERROR;
				GCC_WARN_UNDECLARED_SELECTOR = YES;
				GCC_WARN_UNINITIALIZED_AUTOS = YES_AGGRESSIVE;
				GCC_WARN_UNUSED_FUNCTION = YES;
				GCC_WARN_UNUSED_VARIABLE = YES;
				LOCALIZATION_PREFERS_STRING_CATALOGS = YES;
				MACOSX_DEPLOYMENT_TARGET = 26.5;
				MTL_ENABLE_DEBUG_INFO = NO;
				MTL_FAST_MATH = YES;
				SDKROOT = macosx;
				SWIFT_COMPILATION_MODE = wholemodule;
			};
			name = Release;
		};
		4A259E9B2FEBB71400429068 /* Debug */ = {
			isa = XCBuildConfiguration;
			buildSettings = {
				ASSETCATALOG_COMPILER_APPICON_NAME = AppIcon;
				ASSETCATALOG_COMPILER_GLOBAL_ACCENT_COLOR_NAME = AccentColor;
				CODE_SIGN_STYLE = Automatic;
				COMBINE_HIDPI_IMAGES = YES;
				CURRENT_PROJECT_VERSION = 1;
				ENABLE_APP_SANDBOX = YES;
				ENABLE_PREVIEWS = YES;
				ENABLE_USER_SELECTED_FILES = readonly;
				GENERATE_INFOPLIST_FILE = YES;
				INFOPLIST_KEY_NSHumanReadableCopyright = "";
				LD_RUNPATH_SEARCH_PATHS = (
					"$(inherited)",
					"@executable_path/../Frameworks",
				);
				MARKETING_VERSION = 1.0;
				PRODUCT_BUNDLE_IDENTIFIER = com.dg.EyeControlMac;
				PRODUCT_NAME = "$(TARGET_NAME)";
				REGISTER_APP_GROUPS = YES;
				STRING_CATALOG_GENERATE_SYMBOLS = YES;
				SWIFT_APPROACHABLE_CONCURRENCY = YES;
				SWIFT_DEFAULT_ACTOR_ISOLATION = MainActor;
				SWIFT_EMIT_LOC_STRINGS = YES;
				SWIFT_UPCOMING_FEATURE_MEMBER_IMPORT_VISIBILITY = YES;
				SWIFT_VERSION = 5.0;
			};
			name = Debug;
		};
		4A259E9C2FEBB71400429068 /* Release */ = {
			isa = XCBuildConfiguration;
			buildSettings = {
				ASSETCATALOG_COMPILER_APPICON_NAME = AppIcon;
				ASSETCATALOG_COMPILER_GLOBAL_ACCENT_COLOR_NAME = AccentColor;
				CODE_SIGN_STYLE = Automatic;
				COMBINE_HIDPI_IMAGES = YES;
				CURRENT_PROJECT_VERSION = 1;
				ENABLE_APP_SANDBOX = YES;
				ENABLE_PREVIEWS = YES;
				ENABLE_USER_SELECTED_FILES = readonly;
				GENERATE_INFOPLIST_FILE = YES;
				INFOPLIST_KEY_NSHumanReadableCopyright = "";
				LD_RUNPATH_SEARCH_PATHS = (
					"$(inherited)",
					"@executable_path/../Frameworks",
				);
				MARKETING_VERSION = 1.0;
				PRODUCT_BUNDLE_IDENTIFIER = com.dg.EyeControlMac;
				PRODUCT_NAME = "$(TARGET_NAME)";
				REGISTER_APP_GROUPS = YES;
				STRING_CATALOG_GENERATE_SYMBOLS = YES;
				SWIFT_APPROACHABLE_CONCURRENCY = YES;
				SWIFT_DEFAULT_ACTOR_ISOLATION = MainActor;
				SWIFT_EMIT_LOC_STRINGS = YES;
				SWIFT_UPCOMING_FEATURE_MEMBER_IMPORT_VISIBILITY = YES;
				SWIFT_VERSION = 5.0;
			};
			name = Release;
		};
		4A259E9E2FEBB71400429068 /* Debug */ = {
			isa = XCBuildConfiguration;
			buildSettings = {
				BUNDLE_LOADER = "$(TEST_HOST)";
				CODE_SIGN_STYLE = Automatic;
				CURRENT_PROJECT_VERSION = 1;
				GENERATE_INFOPLIST_FILE = YES;
				MACOSX_DEPLOYMENT_TARGET = 26.5;
				MARKETING_VERSION = 1.0;
				PRODUCT_BUNDLE_IDENTIFIER = com.dg.EyeControlMacTests;
				PRODUCT_NAME = "$(TARGET_NAME)";
				STRING_CATALOG_GENERATE_SYMBOLS = NO;
				SWIFT_APPROACHABLE_CONCURRENCY = YES;
				SWIFT_EMIT_LOC_STRINGS = NO;
				SWIFT_UPCOMING_FEATURE_MEMBER_IMPORT_VISIBILITY = YES;
				SWIFT_VERSION = 5.0;
				TEST_HOST = "$(BUILT_PRODUCTS_DIR)/EyeControlMac.app/$(BUNDLE_EXECUTABLE_FOLDER_PATH)/EyeControlMac";
			};
			name = Debug;
		};
		4A259E9F2FEBB71400429068 /* Release */ = {
			isa = XCBuildConfiguration;
			buildSettings = {
				BUNDLE_LOADER = "$(TEST_HOST)";
				CODE_SIGN_STYLE = Automatic;
				CURRENT_PROJECT_VERSION = 1;
				GENERATE_INFOPLIST_FILE = YES;
				MACOSX_DEPLOYMENT_TARGET = 26.5;
				MARKETING_VERSION = 1.0;
				PRODUCT_BUNDLE_IDENTIFIER = com.dg.EyeControlMacTests;
				PRODUCT_NAME = "$(TARGET_NAME)";
				STRING_CATALOG_GENERATE_SYMBOLS = NO;
				SWIFT_APPROACHABLE_CONCURRENCY = YES;
				SWIFT_EMIT_LOC_STRINGS = NO;
				SWIFT_UPCOMING_FEATURE_MEMBER_IMPORT_VISIBILITY = YES;
				SWIFT_VERSION = 5.0;
				TEST_HOST = "$(BUILT_PRODUCTS_DIR)/EyeControlMac.app/$(BUNDLE_EXECUTABLE_FOLDER_PATH)/EyeControlMac";
			};
			name = Release;
		};
		4A259EA12FEBB71400429068 /* Debug */ = {
			isa = XCBuildConfiguration;
			buildSettings = {
				CODE_SIGN_STYLE = Automatic;
				CURRENT_PROJECT_VERSION = 1;
				GENERATE_INFOPLIST_FILE = YES;
				MARKETING_VERSION = 1.0;
				PRODUCT_BUNDLE_IDENTIFIER = com.dg.EyeControlMacUITests;
				PRODUCT_NAME = "$(TARGET_NAME)";
				STRING_CATALOG_GENERATE_SYMBOLS = NO;
				SWIFT_APPROACHABLE_CONCURRENCY = YES;
				SWIFT_EMIT_LOC_STRINGS = NO;
				SWIFT_UPCOMING_FEATURE_MEMBER_IMPORT_VISIBILITY = YES;
				SWIFT_VERSION = 5.0;
				TEST_TARGET_NAME = EyeControlMac;
			};
			name = Debug;
		};
		4A259EA22FEBB71400429068 /* Release */ = {
			isa = XCBuildConfiguration;
			buildSettings = {
				CODE_SIGN_STYLE = Automatic;
				CURRENT_PROJECT_VERSION = 1;
				GENERATE_INFOPLIST_FILE = YES;
				MARKETING_VERSION = 1.0;
				PRODUCT_BUNDLE_IDENTIFIER = com.dg.EyeControlMacUITests;
				PRODUCT_NAME = "$(TARGET_NAME)";
				STRING_CATALOG_GENERATE_SYMBOLS = NO;
				SWIFT_APPROACHABLE_CONCURRENCY = YES;
				SWIFT_EMIT_LOC_STRINGS = NO;
				SWIFT_UPCOMING_FEATURE_MEMBER_IMPORT_VISIBILITY = YES;
				SWIFT_VERSION = 5.0;
				TEST_TARGET_NAME = EyeControlMac;
			};
			name = Release;
		};
/* End XCBuildConfiguration section */

/* Begin XCConfigurationList section */
		4A259E742FEBB71200429068 /* Build configuration list for PBXProject "EyeControlMac" */ = {
			isa = XCConfigurationList;
			buildConfigurations = (
				4A259E982FEBB71400429068 /* Debug */,
				4A259E992FEBB71400429068 /* Release */,
			);
			defaultConfigurationIsVisible = 0;
			defaultConfigurationName = Release;
		};
		4A259E9A2FEBB71400429068 /* Build configuration list for PBXNativeTarget "EyeControlMac" */ = {
			isa = XCConfigurationList;
			buildConfigurations = (
				4A259E9B2FEBB71400429068 /* Debug */,
				4A259E9C2FEBB71400429068 /* Release */,
			);
			defaultConfigurationIsVisible = 0;
			defaultConfigurationName = Release;
		};
		4A259E9D2FEBB71400429068 /* Build configuration list for PBXNativeTarget "EyeControlMacTests" */ = {
			isa = XCConfigurationList;
			buildConfigurations = (
				4A259E9E2FEBB71400429068 /* Debug */,
				4A259E9F2FEBB71400429068 /* Release */,
			);
			defaultConfigurationIsVisible = 0;
			defaultConfigurationName = Release;
		};
		4A259EA02FEBB71400429068 /* Build configuration list for PBXNativeTarget "EyeControlMacUITests" */ = {
			isa = XCConfigurationList;
			buildConfigurations = (
				4A259EA12FEBB71400429068 /* Debug */,
				4A259EA22FEBB71400429068 /* Release */,
			);
			defaultConfigurationIsVisible = 0;
			defaultConfigurationName = Release;
		};
/* End XCConfigurationList section */
	};
	rootObject = 4A259E712FEBB71200429068 /* Project object */;
}
